# This file is autogenerated, do not edit; changes may be undone by the next 'dep ensure'.


[[projects]]
  digest = "1:e5b0f2beb526ea65a821a03c015ff2da19120f644c89dd9a3ed5ce15fba6cb98"
  name = "github.com/DataDrake/cli-ng"
  packages = [
    "cmd",
    "options",
    "translate",
  ]
  pruneopts = "UT"
  revision = "8a8956931f206adbcb3d774a42cb89f6acd4f4eb"
  version = "v1.0"

[[projects]]
  digest = "1:9cc76ea3318a9f38443a48d7e64aa2e54bbf7d583418c84dae773b9d4bfe2c8a"
  name = "github.com/leonelquinteros/gotext"
  packages = ["."]
  pruneopts = "UT"
  revision = "92b69ffa4cc0895b83b42f50065e9de5a3c32960"
  version = "v1.3.1"

[[projects]]
  branch = "master"
  digest = "1:550b558c67eb89895c0340dc551de58033d1bfaecbf46f1405d6f0bd03e3fbee"
  name = "github.com/mattn/kinako"
  packages = [
    "ast",
    "parser",
    "vm",
  ]
  pruneopts = "UT"
  revision = "332c0a7e205a29536e672337a4bea6c7a96b04c1"

[solve-meta]
  analyzer-name = "dep"
  analyzer-version = 1
  input-imports = ["github.com/DataDrake/cli-ng/cmd"]
  solver-name = "gps-cdcl"
  solver-version = 1
